
Microsoft Visual Studio Solution File, Format Version 12.00
# Visual Studio 15
VisualStudioVersion = 15.0.27004.2008
MinimumVisualStudioVersion = 10.0.40219.1
Project("{9A19103F-16F7-4668-BE54-9A1E7A4F7556}") = "SharedLibraryCore", "SharedLibraryCore\SharedLibraryCore.csproj", "{ED8EC6D5-1C82-4484-8A0C-E8A3685673EC}"
EndProject
Project("{2150E333-8FDC-42A3-9474-1A3956D46DE8}") = "1.  API", "1.  API", "{ACDFD17E-9A54-4DED-A281-F3AB5FC7F73D}"
EndProject
Project("{2150E333-8FDC-42A3-9474-1A3956D46DE8}") = "2.  Service", "2.  Service", "{E72835A1-9BE2-4E7D-9DD1-639A1D183DE6}"
EndProject
Project("{2150E333-8FDC-42A3-9474-1A3956D46DE8}") = "3.  Repositories", "3.  Repositories", "{B2D3A4F0-6DE6-47FB-9C9F-0588476B2FF6}"
EndProject
Project("{2150E333-8FDC-42A3-9474-1A3956D46DE8}") = "4.  Data", "4.  Data", "{A0958686-DD2B-4B31-AE39-AF4F4464C83A}"
EndProject
Project("{2150E333-8FDC-42A3-9474-1A3956D46DE8}") = "6.  Test", "6.  Test", "{BBF0FED5-4810-4617-B803-35C0B425F279}"
EndProject
Project("{00D1A9C2-B5F0-4AF3-8072-F6C62B433612}") = "Database", "Database\Database.sqlproj", "{FCB4915A-491C-4999-851E-82876B9ACCF1}"
EndProject
Project("{9A19103F-16F7-4668-BE54-9A1E7A4F7556}") = "SharedLibraryDatabase", "SharedLibraryDatabase\SharedLibraryDatabase.csproj", "{5BED34FA-7412-41F6-9F7D-4B6F83A3EE99}"
EndProject
Project("{2150E333-8FDC-42A3-9474-1A3956D46DE8}") = "7.  Share", "7.  Share", "{F055A5C4-242A-4338-9A23-7E19F937D964}"
EndProject
Project("{9A19103F-16F7-4668-BE54-9A1E7A4F7556}") = "Shared.Standard.Helper", "Shared.Standard.Helper\Shared.Standard.Helper.csproj", "{FCB25FC9-19DC-4358-B3A3-4487F69F844D}"
EndProject
Project("{9A19103F-16F7-4668-BE54-9A1E7A4F7556}") = "Shared.Core.Repository", "Shared.Core.Repository\Shared.Core.Repository.csproj", "{747F158E-08B0-41A4-AAAD-78EDB726EAAD}"
EndProject
Project("{9A19103F-16F7-4668-BE54-9A1E7A4F7556}") = "Shared.Core.Repository.Contract", "Shared.Core.Repositoory.Contract\Shared.Core.Repository.Contract.csproj", "{8AF18E0C-AA9E-41BD-9FD5-DB580B34AA61}"
EndProject
Project("{9A19103F-16F7-4668-BE54-9A1E7A4F7556}") = "Repositories.Contract", "Contract_\Repositories.Contract.csproj", "{E009EFF0-6675-455E-BEFC-BBC8DD3623C8}"
EndProject
Project("{9A19103F-16F7-4668-BE54-9A1E7A4F7556}") = "Repositories.Implementation", "Implementation_\Repositories.Implementation.csproj", "{0FD8FC69-5CC0-4312-9381-DC8B1B20F694}"
EndProject
Project("{9A19103F-16F7-4668-BE54-9A1E7A4F7556}") = "Service.Contract", "Service.Contract\Service.Contract.csproj", "{4696E472-90A1-42A9-9A82-B3883CC4C5CC}"
EndProject
Project("{9A19103F-16F7-4668-BE54-9A1E7A4F7556}") = "Service.Implementation", "Service.Implementation\Service.Implementation.csproj", "{6FEE9F1C-975D-4F67-9AEB-0078F42C8A8D}"
EndProject
Project("{9A19103F-16F7-4668-BE54-9A1E7A4F7556}") = "Service.DTO", "Service.DTO\Service.DTO.csproj", "{71554EF5-1772-4FE1-AA68-FB77A38C8BF0}"
EndProject
Project("{9A19103F-16F7-4668-BE54-9A1E7A4F7556}") = "NTests", "Nunit\NTests.csproj", "{356E9020-B174-4760-9267-231D23316052}"
EndProject
Project("{2150E333-8FDC-42A3-9474-1A3956D46DE8}") = "5.  Universal", "5.  Universal", "{8A857D66-81D1-437E-8499-746FBBA9AC5F}"
EndProject
Project("{FAE04EC0-301F-11D3-BF4B-00C04F79EFBC}") = "Universal.Contract", "Universal.Contract\Universal.Contract.csproj", "{96A259DD-069B-4B17-A4AE-DDF7FB78945A}"
EndProject
Project("{FAE04EC0-301F-11D3-BF4B-00C04F79EFBC}") = "Universal.Implementation", "Universal.Implementation\Universal.Implementation.csproj", "{EEC63C91-5D96-4447-88B7-8BC983291A77}"
EndProject
Global
	GlobalSection(SolutionConfigurationPlatforms) = preSolution
		Debug|Any CPU = Debug|Any CPU
		Release|Any CPU = Release|Any CPU
	EndGlobalSection
	GlobalSection(ProjectConfigurationPlatforms) = postSolution
		{ED8EC6D5-1C82-4484-8A0C-E8A3685673EC}.Debug|Any CPU.ActiveCfg = Debug|Any CPU
		{ED8EC6D5-1C82-4484-8A0C-E8A3685673EC}.Debug|Any CPU.Build.0 = Debug|Any CPU
		{ED8EC6D5-1C82-4484-8A0C-E8A3685673EC}.Release|Any CPU.ActiveCfg = Release|Any CPU
		{ED8EC6D5-1C82-4484-8A0C-E8A3685673EC}.Release|Any CPU.Build.0 = Release|Any CPU
		{FCB4915A-491C-4999-851E-82876B9ACCF1}.Debug|Any CPU.ActiveCfg = Debug|Any CPU
		{FCB4915A-491C-4999-851E-82876B9ACCF1}.Debug|Any CPU.Build.0 = Debug|Any CPU
		{FCB4915A-491C-4999-851E-82876B9ACCF1}.Debug|Any CPU.Deploy.0 = Debug|Any CPU
		{FCB4915A-491C-4999-851E-82876B9ACCF1}.Release|Any CPU.ActiveCfg = Release|Any CPU
		{FCB4915A-491C-4999-851E-82876B9ACCF1}.Release|Any CPU.Build.0 = Release|Any CPU
		{FCB4915A-491C-4999-851E-82876B9ACCF1}.Release|Any CPU.Deploy.0 = Release|Any CPU
		{5BED34FA-7412-41F6-9F7D-4B6F83A3EE99}.Debug|Any CPU.ActiveCfg = Debug|Any CPU
		{5BED34FA-7412-41F6-9F7D-4B6F83A3EE99}.Debug|Any CPU.Build.0 = Debug|Any CPU
		{5BED34FA-7412-41F6-9F7D-4B6F83A3EE99}.Release|Any CPU.ActiveCfg = Release|Any CPU
		{5BED34FA-7412-41F6-9F7D-4B6F83A3EE99}.Release|Any CPU.Build.0 = Release|Any CPU
		{FCB25FC9-19DC-4358-B3A3-4487F69F844D}.Debug|Any CPU.ActiveCfg = Debug|Any CPU
		{FCB25FC9-19DC-4358-B3A3-4487F69F844D}.Debug|Any CPU.Build.0 = Debug|Any CPU
		{FCB25FC9-19DC-4358-B3A3-4487F69F844D}.Release|Any CPU.ActiveCfg = Release|Any CPU
		{FCB25FC9-19DC-4358-B3A3-4487F69F844D}.Release|Any CPU.Build.0 = Release|Any CPU
		{747F158E-08B0-41A4-AAAD-78EDB726EAAD}.Debug|Any CPU.ActiveCfg = Debug|Any CPU
		{747F158E-08B0-41A4-AAAD-78EDB726EAAD}.Debug|Any CPU.Build.0 = Debug|Any CPU
		{747F158E-08B0-41A4-AAAD-78EDB726EAAD}.Release|Any CPU.ActiveCfg = Release|Any CPU
		{747F158E-08B0-41A4-AAAD-78EDB726EAAD}.Release|Any CPU.Build.0 = Release|Any CPU
		{8AF18E0C-AA9E-41BD-9FD5-DB580B34AA61}.Debug|Any CPU.ActiveCfg = Debug|Any CPU
		{8AF18E0C-AA9E-41BD-9FD5-DB580B34AA61}.Debug|Any CPU.Build.0 = Debug|Any CPU
		{8AF18E0C-AA9E-41BD-9FD5-DB580B34AA61}.Release|Any CPU.ActiveCfg = Release|Any CPU
		{8AF18E0C-AA9E-41BD-9FD5-DB580B34AA61}.Release|Any CPU.Build.0 = Release|Any CPU
		{E009EFF0-6675-455E-BEFC-BBC8DD3623C8}.Debug|Any CPU.ActiveCfg = Debug|Any CPU
		{E009EFF0-6675-455E-BEFC-BBC8DD3623C8}.Debug|Any CPU.Build.0 = Debug|Any CPU
		{E009EFF0-6675-455E-BEFC-BBC8DD3623C8}.Release|Any CPU.ActiveCfg = Release|Any CPU
		{E009EFF0-6675-455E-BEFC-BBC8DD3623C8}.Release|Any CPU.Build.0 = Release|Any CPU
		{0FD8FC69-5CC0-4312-9381-DC8B1B20F694}.Debug|Any CPU.ActiveCfg = Debug|Any CPU
		{0FD8FC69-5CC0-4312-9381-DC8B1B20F694}.Debug|Any CPU.Build.0 = Debug|Any CPU
		{0FD8FC69-5CC0-4312-9381-DC8B1B20F694}.Release|Any CPU.ActiveCfg = Release|Any CPU
		{0FD8FC69-5CC0-4312-9381-DC8B1B20F694}.Release|Any CPU.Build.0 = Release|Any CPU
		{4696E472-90A1-42A9-9A82-B3883CC4C5CC}.Debug|Any CPU.ActiveCfg = Debug|Any CPU
		{4696E472-90A1-42A9-9A82-B3883CC4C5CC}.Debug|Any CPU.Build.0 = Debug|Any CPU
		{4696E472-90A1-42A9-9A82-B3883CC4C5CC}.Release|Any CPU.ActiveCfg = Release|Any CPU
		{4696E472-90A1-42A9-9A82-B3883CC4C5CC}.Release|Any CPU.Build.0 = Release|Any CPU
		{6FEE9F1C-975D-4F67-9AEB-0078F42C8A8D}.Debug|Any CPU.ActiveCfg = Debug|Any CPU
		{6FEE9F1C-975D-4F67-9AEB-0078F42C8A8D}.Debug|Any CPU.Build.0 = Debug|Any CPU
		{6FEE9F1C-975D-4F67-9AEB-0078F42C8A8D}.Release|Any CPU.ActiveCfg = Release|Any CPU
		{6FEE9F1C-975D-4F67-9AEB-0078F42C8A8D}.Release|Any CPU.Build.0 = Release|Any CPU
		{71554EF5-1772-4FE1-AA68-FB77A38C8BF0}.Debug|Any CPU.ActiveCfg = Debug|Any CPU
		{71554EF5-1772-4FE1-AA68-FB77A38C8BF0}.Debug|Any CPU.Build.0 = Debug|Any CPU
		{71554EF5-1772-4FE1-AA68-FB77A38C8BF0}.Release|Any CPU.ActiveCfg = Release|Any CPU
		{71554EF5-1772-4FE1-AA68-FB77A38C8BF0}.Release|Any CPU.Build.0 = Release|Any CPU
		{356E9020-B174-4760-9267-231D23316052}.Debug|Any CPU.ActiveCfg = Debug|Any CPU
		{356E9020-B174-4760-9267-231D23316052}.Debug|Any CPU.Build.0 = Debug|Any CPU
		{356E9020-B174-4760-9267-231D23316052}.Release|Any CPU.ActiveCfg = Release|Any CPU
		{356E9020-B174-4760-9267-231D23316052}.Release|Any CPU.Build.0 = Release|Any CPU
		{96A259DD-069B-4B17-A4AE-DDF7FB78945A}.Debug|Any CPU.ActiveCfg = Debug|Any CPU
		{96A259DD-069B-4B17-A4AE-DDF7FB78945A}.Debug|Any CPU.Build.0 = Debug|Any CPU
		{96A259DD-069B-4B17-A4AE-DDF7FB78945A}.Release|Any CPU.ActiveCfg = Release|Any CPU
		{96A259DD-069B-4B17-A4AE-DDF7FB78945A}.Release|Any CPU.Build.0 = Release|Any CPU
		{EEC63C91-5D96-4447-88B7-8BC983291A77}.Debug|Any CPU.ActiveCfg = Debug|Any CPU
		{EEC63C91-5D96-4447-88B7-8BC983291A77}.Debug|Any CPU.Build.0 = Debug|Any CPU
		{EEC63C91-5D96-4447-88B7-8BC983291A77}.Release|Any CPU.ActiveCfg = Release|Any CPU
		{EEC63C91-5D96-4447-88B7-8BC983291A77}.Release|Any CPU.Build.0 = Release|Any CPU
	EndGlobalSection
	GlobalSection(SolutionProperties) = preSolution
		HideSolutionNode = FALSE
	EndGlobalSection
	GlobalSection(NestedProjects) = preSolution
		{ED8EC6D5-1C82-4484-8A0C-E8A3685673EC} = {ACDFD17E-9A54-4DED-A281-F3AB5FC7F73D}
		{FCB4915A-491C-4999-851E-82876B9ACCF1} = {A0958686-DD2B-4B31-AE39-AF4F4464C83A}
		{5BED34FA-7412-41F6-9F7D-4B6F83A3EE99} = {A0958686-DD2B-4B31-AE39-AF4F4464C83A}
		{FCB25FC9-19DC-4358-B3A3-4487F69F844D} = {F055A5C4-242A-4338-9A23-7E19F937D964}
		{747F158E-08B0-41A4-AAAD-78EDB726EAAD} = {F055A5C4-242A-4338-9A23-7E19F937D964}
		{8AF18E0C-AA9E-41BD-9FD5-DB580B34AA61} = {F055A5C4-242A-4338-9A23-7E19F937D964}
		{E009EFF0-6675-455E-BEFC-BBC8DD3623C8} = {B2D3A4F0-6DE6-47FB-9C9F-0588476B2FF6}
		{0FD8FC69-5CC0-4312-9381-DC8B1B20F694} = {B2D3A4F0-6DE6-47FB-9C9F-0588476B2FF6}
		{4696E472-90A1-42A9-9A82-B3883CC4C5CC} = {E72835A1-9BE2-4E7D-9DD1-639A1D183DE6}
		{6FEE9F1C-975D-4F67-9AEB-0078F42C8A8D} = {E72835A1-9BE2-4E7D-9DD1-639A1D183DE6}
		{71554EF5-1772-4FE1-AA68-FB77A38C8BF0} = {E72835A1-9BE2-4E7D-9DD1-639A1D183DE6}
		{356E9020-B174-4760-9267-231D23316052} = {BBF0FED5-4810-4617-B803-35C0B425F279}
		{96A259DD-069B-4B17-A4AE-DDF7FB78945A} = {8A857D66-81D1-437E-8499-746FBBA9AC5F}
		{EEC63C91-5D96-4447-88B7-8BC983291A77} = {8A857D66-81D1-437E-8499-746FBBA9AC5F}
	EndGlobalSection
	GlobalSection(ExtensibilityGlobals) = postSolution
		SolutionGuid = {C027775B-D9D8-48DB-B067-B26741AA7108}
	EndGlobalSection
EndGlobal
